// !$*UTF8*$!
{
	archiveVersion = 1;
	classes = {
	};
	objectVersion = 50;
	objects = {

/* Begin PBXBuildFile section */
		095C68058A49C8B123D2B7E1 /* Pods_Lab1_TemplateApp.framework in Frameworks */ = {isa = PBXBuildFile; fileRef = DAC9EFE0E4320AB7C5CFD141 /* Pods_Lab1_TemplateApp.framework */; };
		A519F42121B8201300477F88 /* CoreDataService.swift in Sources */ = {isa = PBXBuildFile; fileRef = A519F42021B8201300477F88 /* CoreDataService.swift */; };
		A519F42321B8202500477F88 /* SQLiteService.swift in Sources */ = {isa = PBXBuildFile; fileRef = A519F42221B8202500477F88 /* SQLiteService.swift */; };
		A519F42521B8203200477F88 /* RealmService.swift in Sources */ = {isa = PBXBuildFile; fileRef = A519F42421B8203200477F88 /* RealmService.swift */; };
		A519F42B21B8259500477F88 /* AnySensorModel.swift in Sources */ = {isa = PBXBuildFile; fileRef = A519F42A21B8259500477F88 /* AnySensorModel.swift */; };
		A519F42D21B825A000477F88 /* AnyRecordModel.swift in Sources */ = {isa = PBXBuildFile; fileRef = A519F42C21B825A000477F88 /* AnyRecordModel.swift */; };
		A519F43121B82C5200477F88 /* CoreDataSettingViewController.swift in Sources */ = {isa = PBXBuildFile; fileRef = A519F43021B82C5200477F88 /* CoreDataSettingViewController.swift */; };
		A519F43321B82C6400477F88 /* CoreDataSensorsDetailViewController.swift in Sources */ = {isa = PBXBuildFile; fileRef = A519F43221B82C6400477F88 /* CoreDataSensorsDetailViewController.swift */; };
		A519F43521B82C7500477F88 /* CoreDataReadingsDetailViewController.swift in Sources */ = {isa = PBXBuildFile; fileRef = A519F43421B82C7500477F88 /* CoreDataReadingsDetailViewController.swift */; };
		A519F43721B82C8B00477F88 /* SQLiteSettingViewController.swift in Sources */ = {isa = PBXBuildFile; fileRef = A519F43621B82C8B00477F88 /* SQLiteSettingViewController.swift */; };
		A519F43921B82C9D00477F88 /* SQLiteSensorsDetailViewController.swift in Sources */ = {isa = PBXBuildFile; fileRef = A519F43821B82C9D00477F88 /* SQLiteSensorsDetailViewController.swift */; };
		A519F43B21B82CAE00477F88 /* SQLiteReadingsDetailViewController.swift in Sources */ = {isa = PBXBuildFile; fileRef = A519F43A21B82CAE00477F88 /* SQLiteReadingsDetailViewController.swift */; };
		A519F43D21B82CC000477F88 /* RealmSettingViewController.swift in Sources */ = {isa = PBXBuildFile; fileRef = A519F43C21B82CC000477F88 /* RealmSettingViewController.swift */; };
		A519F43F21B82CCE00477F88 /* RealmSensorsDetailViewController.swift in Sources */ = {isa = PBXBuildFile; fileRef = A519F43E21B82CCE00477F88 /* RealmSensorsDetailViewController.swift */; };
		A519F44121B82CDD00477F88 /* RealmReadingsDetailViewController.swift in Sources */ = {isa = PBXBuildFile; fileRef = A519F44021B82CDD00477F88 /* RealmReadingsDetailViewController.swift */; };
		A527599F21B7CF020025BD8D /* AppDelegate.swift in Sources */ = {isa = PBXBuildFile; fileRef = A527599E21B7CF020025BD8D /* AppDelegate.swift */; };
		A52759A421B7CF020025BD8D /* Main.storyboard in Resources */ = {isa = PBXBuildFile; fileRef = A52759A221B7CF020025BD8D /* Main.storyboard */; };
		A52759A721B7CF020025BD8D /* Lab1_TemplateApp.xcdatamodeld in Sources */ = {isa = PBXBuildFile; fileRef = A52759A521B7CF020025BD8D /* Lab1_TemplateApp.xcdatamodeld */; };
		A52759A921B7CF030025BD8D /* Assets.xcassets in Resources */ = {isa = PBXBuildFile; fileRef = A52759A821B7CF030025BD8D /* Assets.xcassets */; };
		A52759AC21B7CF030025BD8D /* LaunchScreen.storyboard in Resources */ = {isa = PBXBuildFile; fileRef = A52759AA21B7CF030025BD8D /* LaunchScreen.storyboard */; };
		A52759B921B7DD730025BD8D /* BaseSettingViewController.swift in Sources */ = {isa = PBXBuildFile; fileRef = A52759B821B7DD730025BD8D /* BaseSettingViewController.swift */; };
		A52759BB21B7DD930025BD8D /* BaseSensorsDetailViewController.swift in Sources */ = {isa = PBXBuildFile; fileRef = A52759BA21B7DD930025BD8D /* BaseSensorsDetailViewController.swift */; };
		A52759BD21B7DDAC0025BD8D /* BaseReadingsDetailViewController.swift in Sources */ = {isa = PBXBuildFile; fileRef = A52759BC21B7DDAC0025BD8D /* BaseReadingsDetailViewController.swift */; };
		A52759C021B7E5830025BD8D /* AnyDatabaseService.swift in Sources */ = {isa = PBXBuildFile; fileRef = A52759BF21B7E5830025BD8D /* AnyDatabaseService.swift */; };
/* End PBXBuildFile section */

/* Begin PBXFileReference section */
		46DA2ACB507C3F76687F6C27 /* Pods-Lab1_TemplateApp.debug.xcconfig */ = {isa = PBXFileReference; includeInIndex = 1; lastKnownFileType = text.xcconfig; name = "Pods-Lab1_TemplateApp.debug.xcconfig"; path = "Pods/Target Support Files/Pods-Lab1_TemplateApp/Pods-Lab1_TemplateApp.debug.xcconfig"; sourceTree = "<group>"; };
		A519F42021B8201300477F88 /* CoreDataService.swift */ = {isa = PBXFileReference; lastKnownFileType = sourcecode.swift; path = CoreDataService.swift; sourceTree = "<group>"; };
		A519F42221B8202500477F88 /* SQLiteService.swift */ = {isa = PBXFileReference; lastKnownFileType = sourcecode.swift; path = SQLiteService.swift; sourceTree = "<group>"; };
		A519F42421B8203200477F88 /* RealmService.swift */ = {isa = PBXFileReference; lastKnownFileType = sourcecode.swift; path = RealmService.swift; sourceTree = "<group>"; };
		A519F42A21B8259500477F88 /* AnySensorModel.swift */ = {isa = PBXFileReference; lastKnownFileType = sourcecode.swift; path = AnySensorModel.swift; sourceTree = "<group>"; };
		A519F42C21B825A000477F88 /* AnyRecordModel.swift */ = {isa = PBXFileReference; lastKnownFileType = sourcecode.swift; path = AnyRecordModel.swift; sourceTree = "<group>"; };
		A519F43021B82C5200477F88 /* CoreDataSettingViewController.swift */ = {isa = PBXFileReference; lastKnownFileType = sourcecode.swift; path = CoreDataSettingViewController.swift; sourceTree = "<group>"; };
		A519F43221B82C6400477F88 /* CoreDataSensorsDetailViewController.swift */ = {isa = PBXFileReference; lastKnownFileType = sourcecode.swift; path = CoreDataSensorsDetailViewController.swift; sourceTree = "<group>"; };
		A519F43421B82C7500477F88 /* CoreDataReadingsDetailViewController.swift */ = {isa = PBXFileReference; lastKnownFileType = sourcecode.swift; path = CoreDataReadingsDetailViewController.swift; sourceTree = "<group>"; };
		A519F43621B82C8B00477F88 /* SQLiteSettingViewController.swift */ = {isa = PBXFileReference; lastKnownFileType = sourcecode.swift; path = SQLiteSettingViewController.swift; sourceTree = "<group>"; };
		A519F43821B82C9D00477F88 /* SQLiteSensorsDetailViewController.swift */ = {isa = PBXFileReference; lastKnownFileType = sourcecode.swift; path = SQLiteSensorsDetailViewController.swift; sourceTree = "<group>"; };
		A519F43A21B82CAE00477F88 /* SQLiteReadingsDetailViewController.swift */ = {isa = PBXFileReference; lastKnownFileType = sourcecode.swift; path = SQLiteReadingsDetailViewController.swift; sourceTree = "<group>"; };
		A519F43C21B82CC000477F88 /* RealmSettingViewController.swift */ = {isa = PBXFileReference; lastKnownFileType = sourcecode.swift; path = RealmSettingViewController.swift; sourceTree = "<group>"; };
		A519F43E21B82CCE00477F88 /* RealmSensorsDetailViewController.swift */ = {isa = PBXFileReference; lastKnownFileType = sourcecode.swift; path = RealmSensorsDetailViewController.swift; sourceTree = "<group>"; };
		A519F44021B82CDD00477F88 /* RealmReadingsDetailViewController.swift */ = {isa = PBXFileReference; lastKnownFileType = sourcecode.swift; path = RealmReadingsDetailViewController.swift; sourceTree = "<group>"; };
		A527599B21B7CF020025BD8D /* Lab1_TemplateApp.app */ = {isa = PBXFileReference; explicitFileType = wrapper.application; includeInIndex = 0; path = Lab1_TemplateApp.app; sourceTree = BUILT_PRODUCTS_DIR; };
		A527599E21B7CF020025BD8D /* AppDelegate.swift */ = {isa = PBXFileReference; lastKnownFileType = sourcecode.swift; path = AppDelegate.swift; sourceTree = "<group>"; };
		A52759A321B7CF020025BD8D /* Base */ = {isa = PBXFileReference; lastKnownFileType = file.storyboard; name = Base; path = Base.lproj/Main.storyboard; sourceTree = "<group>"; };
		A52759A621B7CF020025BD8D /* Lab1_TemplateApp.xcdatamodel */ = {isa = PBXFileReference; lastKnownFileType = wrapper.xcdatamodel; path = Lab1_TemplateApp.xcdatamodel; sourceTree = "<group>"; };
		A52759A821B7CF030025BD8D /* Assets.xcassets */ = {isa = PBXFileReference; lastKnownFileType = folder.assetcatalog; path = Assets.xcassets; sourceTree = "<group>"; };
		A52759AB21B7CF030025BD8D /* Base */ = {isa = PBXFileReference; lastKnownFileType = file.storyboard; name = Base; path = Base.lproj/LaunchScreen.storyboard; sourceTree = "<group>"; };
		A52759AD21B7CF030025BD8D /* Info.plist */ = {isa = PBXFileReference; lastKnownFileType = text.plist.xml; path = Info.plist; sourceTree = "<group>"; };
		A52759B821B7DD730025BD8D /* BaseSettingViewController.swift */ = {isa = PBXFileReference; lastKnownFileType = sourcecode.swift; path = BaseSettingViewController.swift; sourceTree = "<group>"; };
		A52759BA21B7DD930025BD8D /* BaseSensorsDetailViewController.swift */ = {isa = PBXFileReference; lastKnownFileType = sourcecode.swift; path = BaseSensorsDetailViewController.swift; sourceTree = "<group>"; };
		A52759BC21B7DDAC0025BD8D /* BaseReadingsDetailViewController.swift */ = {isa = PBXFileReference; lastKnownFileType = sourcecode.swift; path = BaseReadingsDetailViewController.swift; sourceTree = "<group>"; };
		A52759BF21B7E5830025BD8D /* AnyDatabaseService.swift */ = {isa = PBXFileReference; lastKnownFileType = sourcecode.swift; path = AnyDatabaseService.swift; sourceTree = "<group>"; };
		BBD1E4EDEA2774B380573C48 /* Pods-Lab1_TemplateApp.release.xcconfig */ = {isa = PBXFileReference; includeInIndex = 1; lastKnownFileType = text.xcconfig; name = "Pods-Lab1_TemplateApp.release.xcconfig"; path = "Pods/Target Support Files/Pods-Lab1_TemplateApp/Pods-Lab1_TemplateApp.release.xcconfig"; sourceTree = "<group>"; };
		DAC9EFE0E4320AB7C5CFD141 /* Pods_Lab1_TemplateApp.framework */ = {isa = PBXFileReference; explicitFileType = wrapper.framework; includeInIndex = 0; path = Pods_Lab1_TemplateApp.framework; sourceTree = BUILT_PRODUCTS_DIR; };
/* End PBXFileReference section */

/* Begin PBXFrameworksBuildPhase section */
		A527599821B7CF020025BD8D /* Frameworks */ = {
			isa = PBXFrameworksBuildPhase;
			buildActionMask = 2147483647;
			files = (
				095C68058A49C8B123D2B7E1 /* Pods_Lab1_TemplateApp.framework in Frameworks */,
			);
			runOnlyForDeploymentPostprocessing = 0;
		};
/* End PBXFrameworksBuildPhase section */

/* Begin PBXGroup section */
		3A619705C3610D13180A2D8D /* Frameworks */ = {
			isa = PBXGroup;
			children = (
				DAC9EFE0E4320AB7C5CFD141 /* Pods_Lab1_TemplateApp.framework */,
			);
			name = Frameworks;
			sourceTree = "<group>";
		};
		A519F42621B8209300477F88 /* CoreData */ = {
			isa = PBXGroup;
			children = (
				A519F42021B8201300477F88 /* CoreDataService.swift */,
			);
			path = CoreData;
			sourceTree = "<group>";
		};
		A519F42721B8209B00477F88 /* SQLite */ = {
			isa = PBXGroup;
			children = (
				A519F42221B8202500477F88 /* SQLiteService.swift */,
			);
			path = SQLite;
			sourceTree = "<group>";
		};
		A519F42821B820A400477F88 /* Realm */ = {
			isa = PBXGroup;
			children = (
				A519F42421B8203200477F88 /* RealmService.swift */,
			);
			path = Realm;
			sourceTree = "<group>";
		};
		A527599221B7CF020025BD8D = {
			isa = PBXGroup;
			children = (
				A527599D21B7CF020025BD8D /* Lab1_TemplateApp */,
				A527599C21B7CF020025BD8D /* Products */,
				BD20CDC50EEBA51B233A226E /* Pods */,
				3A619705C3610D13180A2D8D /* Frameworks */,
			);
			sourceTree = "<group>";
		};
		A527599C21B7CF020025BD8D /* Products */ = {
			isa = PBXGroup;
			children = (
				A527599B21B7CF020025BD8D /* Lab1_TemplateApp.app */,
			);
			name = Products;
			sourceTree = "<group>";
		};
		A527599D21B7CF020025BD8D /* Lab1_TemplateApp */ = {
			isa = PBXGroup;
			children = (
				A527599E21B7CF020025BD8D /* AppDelegate.swift */,
				A52759BE21B7E56A0025BD8D /* Services */,
				A52759B421B7DCCB0025BD8D /* Controllers */,
				A52759A221B7CF020025BD8D /* Main.storyboard */,
				A52759A821B7CF030025BD8D /* Assets.xcassets */,
				A52759AA21B7CF030025BD8D /* LaunchScreen.storyboard */,
				A52759AD21B7CF030025BD8D /* Info.plist */,
				A52759A521B7CF020025BD8D /* Lab1_TemplateApp.xcdatamodeld */,
			);
			path = Lab1_TemplateApp;
			sourceTree = "<group>";
		};
		A52759B321B7DC9B0025BD8D /* CoreData */ = {
			isa = PBXGroup;
			children = (
				A519F43021B82C5200477F88 /* CoreDataSettingViewController.swift */,
				A519F43221B82C6400477F88 /* CoreDataSensorsDetailViewController.swift */,
				A519F43421B82C7500477F88 /* CoreDataReadingsDetailViewController.swift */,
			);
			path = CoreData;
			sourceTree = "<group>";
		};
		A52759B421B7DCCB0025BD8D /* Controllers */ = {
			isa = PBXGroup;
			children = (
				A52759B721B7DCF70025BD8D /* BaseControllers */,
				A52759B321B7DC9B0025BD8D /* CoreData */,
				A52759B521B7DCDA0025BD8D /* SQLite */,
				A52759B621B7DCE20025BD8D /* Realm */,
			);
			path = Controllers;
			sourceTree = "<group>";
		};
		A52759B521B7DCDA0025BD8D /* SQLite */ = {
			isa = PBXGroup;
			children = (
				A519F43621B82C8B00477F88 /* SQLiteSettingViewController.swift */,
				A519F43821B82C9D00477F88 /* SQLiteSensorsDetailViewController.swift */,
				A519F43A21B82CAE00477F88 /* SQLiteReadingsDetailViewController.swift */,
			);
			path = SQLite;
			sourceTree = "<group>";
		};
		A52759B621B7DCE20025BD8D /* Realm */ = {
			isa = PBXGroup;
			children = (
				A519F43C21B82CC000477F88 /* RealmSettingViewController.swift */,
				A519F43E21B82CCE00477F88 /* RealmSensorsDetailViewController.swift */,
				A519F44021B82CDD00477F88 /* RealmReadingsDetailViewController.swift */,
			);
			path = Realm;
			sourceTree = "<group>";
		};
		A52759B721B7DCF70025BD8D /* BaseControllers */ = {
			isa = PBXGroup;
			children = (
				A52759B821B7DD730025BD8D /* BaseSettingViewController.swift */,
				A52759BA21B7DD930025BD8D /* BaseSensorsDetailViewController.swift */,
				A52759BC21B7DDAC0025BD8D /* BaseReadingsDetailViewController.swift */,
			);
			path = BaseControllers;
			sourceTree = "<group>";
		};
		A52759BE21B7E56A0025BD8D /* Services */ = {
			isa = PBXGroup;
			children = (
				A52759BF21B7E5830025BD8D /* AnyDatabaseService.swift */,
				A519F42A21B8259500477F88 /* AnySensorModel.swift */,
				A519F42C21B825A000477F88 /* AnyRecordModel.swift */,
				A519F42621B8209300477F88 /* CoreData */,
				A519F42721B8209B00477F88 /* SQLite */,
				A519F42821B820A400477F88 /* Realm */,
			);
			path = Services;
			sourceTree = "<group>";
		};
		BD20CDC50EEBA51B233A226E /* Pods */ = {
			isa = PBXGroup;
			children = (
				46DA2ACB507C3F76687F6C27 /* Pods-Lab1_TemplateApp.debug.xcconfig */,
				BBD1E4EDEA2774B380573C48 /* Pods-Lab1_TemplateApp.release.xcconfig */,
			);
			name = Pods;
			sourceTree = "<group>";
		};
/* End PBXGroup section */

/* Begin PBXNativeTarget section */
		A527599A21B7CF020025BD8D /* Lab1_TemplateApp */ = {
			isa = PBXNativeTarget;
			buildConfigurationList = A52759B021B7CF030025BD8D /* Build configuration list for PBXNativeTarget "Lab1_TemplateApp" */;
			buildPhases = (
				B992F36F2327750376F87551 /* [CP] Check Pods Manifest.lock */,
				A527599721B7CF020025BD8D /* Sources */,
				A527599821B7CF020025BD8D /* Frameworks */,
				A527599921B7CF020025BD8D /* Resources */,
				A519F42921B823A300477F88 /* Warnings Script */,
				12072B8C72E7CEF64C3F00A2 /* [CP] Embed Pods Frameworks */,
			);
			buildRules = (
			);
			dependencies = (
			);
			name = Lab1_TemplateApp;
			productName = Lab1_TemplateApp;
			productReference = A527599B21B7CF020025BD8D /* Lab1_TemplateApp.app */;
			productType = "com.apple.product-type.application";
		};
/* End PBXNativeTarget section */

/* Begin PBXProject section */
		A527599321B7CF020025BD8D /* Project object */ = {
			isa = PBXProject;
			attributes = {
				LastSwiftUpdateCheck = 1010;
				LastUpgradeCheck = 1010;
				ORGANIZATIONNAME = "Konstantyn Bykhkalo";
				TargetAttributes = {
					A527599A21B7CF020025BD8D = {
						CreatedOnToolsVersion = 10.1;
					};
				};
			};
			buildConfigurationList = A527599621B7CF020025BD8D /* Build configuration list for PBXProject "Lab1_TemplateApp" */;
			compatibilityVersion = "Xcode 9.3";
			developmentRegion = en;
			hasScannedForEncodings = 0;
			knownRegions = (
				en,
				Base,
			);
			mainGroup = A527599221B7CF020025BD8D;
			productRefGroup = A527599C21B7CF020025BD8D /* Products */;
			projectDirPath = "";
			projectRoot = "";
			targets = (
				A527599A21B7CF020025BD8D /* Lab1_TemplateApp */,
			);
		};
/* End PBXProject section */

/* Begin PBXResourcesBuildPhase section */
		A527599921B7CF020025BD8D /* Resources */ = {
			isa = PBXResourcesBuildPhase;
			buildActionMask = 2147483647;
			files = (
				A52759AC21B7CF030025BD8D /* LaunchScreen.storyboard in Resources */,
				A52759A921B7CF030025BD8D /* Assets.xcassets in Resources */,
				A52759A421B7CF020025BD8D /* Main.storyboard in Resources */,
			);
			runOnlyForDeploymentPostprocessing = 0;
		};
/* End PBXResourcesBuildPhase section */

/* Begin PBXShellScriptBuildPhase section */
		12072B8C72E7CEF64C3F00A2 /* [CP] Embed Pods Frameworks */ = {
			isa = PBXShellScriptBuildPhase;
			buildActionMask = 2147483647;
			files = (
			);
			inputFileListPaths = (
			);
			inputPaths = (
				"${SRCROOT}/Pods/Target Support Files/Pods-Lab1_TemplateApp/Pods-Lab1_TemplateApp-frameworks.sh",
				"${BUILT_PRODUCTS_DIR}/Realm/Realm.framework",
				"${BUILT_PRODUCTS_DIR}/RealmSwift/RealmSwift.framework",
			);
			name = "[CP] Embed Pods Frameworks";
			outputFileListPaths = (
			);
			outputPaths = (
				"${TARGET_BUILD_DIR}/${FRAMEWORKS_FOLDER_PATH}/Realm.framework",
				"${TARGET_BUILD_DIR}/${FRAMEWORKS_FOLDER_PATH}/RealmSwift.framework",
			);
			runOnlyForDeploymentPostprocessing = 0;
			shellPath = /bin/sh;
			shellScript = "\"${SRCROOT}/Pods/Target Support Files/Pods-Lab1_TemplateApp/Pods-Lab1_TemplateApp-frameworks.sh\"\n";
			showEnvVarsInLog = 0;
		};
		A519F42921B823A300477F88 /* Warnings Script */ = {
			isa = PBXShellScriptBuildPhase;
			buildActionMask = 2147483647;
			files = (
			);
			inputFileListPaths = (
			);
			inputPaths = (
			);
			name = "Warnings Script";
			outputFileListPaths = (
			);
			outputPaths = (
			);
			runOnlyForDeploymentPostprocessing = 0;
			shellPath = /bin/sh;
			shellScript = "TAGS=\"TODO:\"\nERRORTAG=\"ERROR:\"\nfind \"${SRCROOT}\" \\( -name \"*.h\" -or -name \"*.m\" -or -name \"*.swift\" \\) -print0 | xargs -0 egrep --with-filename --line-number --only-matching \"($TAGS).*\\$|($ERRORTAG).*\\$\" | perl -p -e \"s/($TAGS)/ warning: \\$1/\" | perl -p -e \"s/($ERRORTAG)/ error: \\$1/\"\n";
		};
		B992F36F2327750376F87551 /* [CP] Check Pods Manifest.lock */ = {
			isa = PBXShellScriptBuildPhase;
			buildActionMask = 2147483647;
			files = (
			);
			inputFileListPaths = (
			);
			inputPaths = (
				"${PODS_PODFILE_DIR_PATH}/Podfile.lock",
				"${PODS_ROOT}/Manifest.lock",
			);
			name = "[CP] Check Pods Manifest.lock";
			outputFileListPaths = (
			);
			outputPaths = (
				"$(DERIVED_FILE_DIR)/Pods-Lab1_TemplateApp-checkManifestLockResult.txt",
			);
			runOnlyForDeploymentPostprocessing = 0;
			shellPath = /bin/sh;
			shellScript = "diff \"${PODS_PODFILE_DIR_PATH}/Podfile.lock\" \"${PODS_ROOT}/Manifest.lock\" > /dev/null\nif [ $? != 0 ] ; then\n    # print error to STDERR\n    echo \"error: The sandbox is not in sync with the Podfile.lock. Run 'pod install' or update your CocoaPods installation.\" >&2\n    exit 1\nfi\n# This output is used by Xcode 'outputs' to avoid re-running this script phase.\necho \"SUCCESS\" > \"${SCRIPT_OUTPUT_FILE_0}\"\n";
			showEnvVarsInLog = 0;
		};
/* End PBXShellScriptBuildPhase section */

/* Begin PBXSourcesBuildPhase section */
		A527599721B7CF020025BD8D /* Sources */ = {
			isa = PBXSourcesBuildPhase;
			buildActionMask = 2147483647;
			files = (
				A519F42B21B8259500477F88 /* AnySensorModel.swift in Sources */,
				A519F42121B8201300477F88 /* CoreDataService.swift in Sources */,
				A519F44121B82CDD00477F88 /* RealmReadingsDetailViewController.swift in Sources */,
				A519F43F21B82CCE00477F88 /* RealmSensorsDetailViewController.swift in Sources */,
				A519F42321B8202500477F88 /* SQLiteService.swift in Sources */,
				A519F43921B82C9D00477F88 /* SQLiteSensorsDetailViewController.swift in Sources */,
				A519F42D21B825A000477F88 /* AnyRecordModel.swift in Sources */,
				A519F43B21B82CAE00477F88 /* SQLiteReadingsDetailViewController.swift in Sources */,
				A527599F21B7CF020025BD8D /* AppDelegate.swift in Sources */,
				A52759BB21B7DD930025BD8D /* BaseSensorsDetailViewController.swift in Sources */,
				A519F42521B8203200477F88 /* RealmService.swift in Sources */,
				A52759C021B7E5830025BD8D /* AnyDatabaseService.swift in Sources */,
				A52759BD21B7DDAC0025BD8D /* BaseReadingsDetailViewController.swift in Sources */,
				A52759B921B7DD730025BD8D /* BaseSettingViewController.swift in Sources */,
				A519F43321B82C6400477F88 /* CoreDataSensorsDetailViewController.swift in Sources */,
				A519F43721B82C8B00477F88 /* SQLiteSettingViewController.swift in Sources */,
				A519F43D21B82CC000477F88 /* RealmSettingViewController.swift in Sources */,
				A519F43121B82C5200477F88 /* CoreDataSettingViewController.swift in Sources */,
				A52759A721B7CF020025BD8D /* Lab1_TemplateApp.xcdatamodeld in Sources */,
				A519F43521B82C7500477F88 /* CoreDataReadingsDetailViewController.swift in Sources */,
			);
			runOnlyForDeploymentPostprocessing = 0;
		};
/* End PBXSourcesBuildPhase section */

/* Begin PBXVariantGroup section */
		A52759A221B7CF020025BD8D /* Main.storyboard */ = {
			isa = PBXVariantGroup;
			children = (
				A52759A321B7CF020025BD8D /* Base */,
			);
			name = Main.storyboard;
			sourceTree = "<group>";
		};
		A52759AA21B7CF030025BD8D /* LaunchScreen.storyboard */ = {
			isa = PBXVariantGroup;
			children = (
				A52759AB21B7CF030025BD8D /* Base */,
			);
			name = LaunchScreen.storyboard;
			sourceTree = "<group>";
		};
/* End PBXVariantGroup section */

/* Begin XCBuildConfiguration section */
		A52759AE21B7CF030025BD8D /* Debug */ = {
			isa = XCBuildConfiguration;
			buildSettings = {
				ALWAYS_SEARCH_USER_PATHS = NO;
				CLANG_ANALYZER_NONNULL = YES;
				CLANG_ANALYZER_NUMBER_OBJECT_CONVERSION = YES_AGGRESSIVE;
				CLANG_CXX_LANGUAGE_STANDARD = "gnu++14";
				CLANG_CXX_LIBRARY = "libc++";
				CLANG_ENABLE_MODULES = YES;
				CLANG_ENABLE_OBJC_ARC = YES;
				CLANG_ENABLE_OBJC_WEAK = YES;
				CLANG_WARN_BLOCK_CAPTURE_AUTORELEASING = YES;
				CLANG_WARN_BOOL_CONVERSION = YES;
				CLANG_WARN_COMMA = YES;
				CLANG_WARN_CONSTANT_CONVERSION = YES;
				CLANG_WARN_DEPRECATED_OBJC_IMPLEMENTATIONS = YES;
				CLANG_WARN_DIRECT_OBJC_ISA_USAGE = YES_ERROR;
				CLANG_WARN_DOCUMENTATION_COMMENTS = YES;
				CLANG_WARN_EMPTY_BODY = YES;
				CLANG_WARN_ENUM_CONVERSION = YES;
				CLANG_WARN_INFINITE_RECURSION = YES;
				CLANG_WARN_INT_CONVERSION = YES;
				CLANG_WARN_NON_LITERAL_NULL_CONVERSION = YES;
				CLANG_WARN_OBJC_IMPLICIT_RETAIN_SELF = YES;
				CLANG_WARN_OBJC_LITERAL_CONVERSION = YES;
				CLANG_WARN_OBJC_ROOT_CLASS = YES_ERROR;
				CLANG_WARN_RANGE_LOOP_ANALYSIS = YES;
				CLANG_WARN_STRICT_PROTOTYPES = YES;
				CLANG_WARN_SUSPICIOUS_MOVE = YES;
				CLANG_WARN_UNGUARDED_AVAILABILITY = YES_AGGRESSIVE;
				CLANG_WARN_UNREACHABLE_CODE = YES;
				CLANG_WARN__DUPLICATE_METHOD_MATCH = YES;
				CODE_SIGN_IDENTITY = "iPhone Developer";
				COPY_PHASE_STRIP = NO;
				DEBUG_INFORMATION_FORMAT = dwarf;
				ENABLE_STRICT_OBJC_MSGSEND = YES;
				ENABLE_TESTABILITY = YES;
				GCC_C_LANGUAGE_STANDARD = gnu11;
				GCC_DYNAMIC_NO_PIC = NO;
				GCC_NO_COMMON_BLOCKS = YES;
				GCC_OPTIMIZATION_LEVEL = 0;
				GCC_PREPROCESSOR_DEFINITIONS = (
					"DEBUG=1",
					"$(inherited)",
				);
				GCC_WARN_64_TO_32_BIT_CONVERSION = YES;
				GCC_WARN_ABOUT_RETURN_TYPE = YES_ERROR;
				GCC_WARN_UNDECLARED_SELECTOR = YES;
				GCC_WARN_UNINITIALIZED_AUTOS = YES_AGGRESSIVE;
				GCC_WARN_UNUSED_FUNCTION = YES;
				GCC_WARN_UNUSED_VARIABLE = YES;
				IPHONEOS_DEPLOYMENT_TARGET = 12.1;
				MTL_ENABLE_DEBUG_INFO = INCLUDE_SOURCE;
				MTL_FAST_MATH = YES;
				ONLY_ACTIVE_ARCH = YES;
				SDKROOT = iphoneos;
				SWIFT_ACTIVE_COMPILATION_CONDITIONS = DEBUG;
				SWIFT_OPTIMIZATION_LEVEL = "-Onone";
			};
			name = Debug;
		};
		A52759AF21B7CF030025BD8D /* Release */ = {
			isa = XCBuildConfiguration;
			buildSettings = {
				ALWAYS_SEARCH_USER_PATHS = NO;
				CLANG_ANALYZER_NONNULL = YES;
				CLANG_ANALYZER_NUMBER_OBJECT_CONVERSION = YES_AGGRESSIVE;
				CLANG_CXX_LANGUAGE_STANDARD = "gnu++14";
				CLANG_CXX_LIBRARY = "libc++";
				CLANG_ENABLE_MODULES = YES;
				CLANG_ENABLE_OBJC_ARC = YES;
				CLANG_ENABLE_OBJC_WEAK = YES;
				CLANG_WARN_BLOCK_CAPTURE_AUTORELEASING = YES;
				CLANG_WARN_BOOL_CONVERSION = YES;
				CLANG_WARN_COMMA = YES;
				CLANG_WARN_CONSTANT_CONVERSION = YES;
				CLANG_WARN_DEPRECATED_OBJC_IMPLEMENTATIONS = YES;
				CLANG_WARN_DIRECT_OBJC_ISA_USAGE = YES_ERROR;
				CLANG_WARN_DOCUMENTATION_COMMENTS = YES;
				CLANG_WARN_EMPTY_BODY = YES;
				CLANG_WARN_ENUM_CONVERSION = YES;
				CLANG_WARN_INFINITE_RECURSION = YES;
				CLANG_WARN_INT_CONVERSION = YES;
				CLANG_WARN_NON_LITERAL_NULL_CONVERSION = YES;
				CLANG_WARN_OBJC_IMPLICIT_RETAIN_SELF = YES;
				CLANG_WARN_OBJC_LITERAL_CONVERSION = YES;
				CLANG_WARN_OBJC_ROOT_CLASS = YES_ERROR;
				CLANG_WARN_RANGE_LOOP_ANALYSIS = YES;
				CLANG_WARN_STRICT_PROTOTYPES = YES;
				CLANG_WARN_SUSPICIOUS_MOVE = YES;
				CLANG_WARN_UNGUARDED_AVAILABILITY = YES_AGGRESSIVE;
				CLANG_WARN_UNREACHABLE_CODE = YES;
				CLANG_WARN__DUPLICATE_METHOD_MATCH = YES;
				CODE_SIGN_IDENTITY = "iPhone Developer";
				COPY_PHASE_STRIP = NO;
				DEBUG_INFORMATION_FORMAT = "dwarf-with-dsym";
				ENABLE_NS_ASSERTIONS = NO;
				ENABLE_STRICT_OBJC_MSGSEND = YES;
				GCC_C_LANGUAGE_STANDARD = gnu11;
				GCC_NO_COMMON_BLOCKS = YES;
				GCC_WARN_64_TO_32_BIT_CONVERSION = YES;
				GCC_WARN_ABOUT_RETURN_TYPE = YES_ERROR;
				GCC_WARN_UNDECLARED_SELECTOR = YES;
				GCC_WARN_UNINITIALIZED_AUTOS = YES_AGGRESSIVE;
				GCC_WARN_UNUSED_FUNCTION = YES;
				GCC_WARN_UNUSED_VARIABLE = YES;
				IPHONEOS_DEPLOYMENT_TARGET = 12.1;
				MTL_ENABLE_DEBUG_INFO = NO;
				MTL_FAST_MATH = YES;
				SDKROOT = iphoneos;
				SWIFT_COMPILATION_MODE = wholemodule;
				SWIFT_OPTIMIZATION_LEVEL = "-O";
				VALIDATE_PRODUCT = YES;
			};
			name = Release;
		};
		A52759B121B7CF030025BD8D /* Debug */ = {
			isa = XCBuildConfiguration;
			baseConfigurationReference = 46DA2ACB507C3F76687F6C27 /* Pods-Lab1_TemplateApp.debug.xcconfig */;
			buildSettings = {
				ASSETCATALOG_COMPILER_APPICON_NAME = AppIcon;
				CODE_SIGN_STYLE = Automatic;
				DEVELOPMENT_TEAM = 72432WGSUQ;
				INFOPLIST_FILE = Lab1_TemplateApp/Info.plist;
				IPHONEOS_DEPLOYMENT_TARGET = 11.0;
				LD_RUNPATH_SEARCH_PATHS = (
					"$(inherited)",
					"@executable_path/Frameworks",
				);
				PRODUCT_BUNDLE_IDENTIFIER = "com.agh.Lab1-TemplateApp";
				PRODUCT_NAME = "$(TARGET_NAME)";
				SWIFT_VERSION = 4.2;
				TARGETED_DEVICE_FAMILY = "1,2";
			};
			name = Debug;
		};
		A52759B221B7CF030025BD8D /* Release */ = {
			isa = XCBuildConfiguration;
			baseConfigurationReference = BBD1E4EDEA2774B380573C48 /* Pods-Lab1_TemplateApp.release.xcconfig */;
			buildSettings = {
				ASSETCATALOG_COMPILER_APPICON_NAME = AppIcon;
				CODE_SIGN_STYLE = Automatic;
				DEVELOPMENT_TEAM = 72432WGSUQ;
				INFOPLIST_FILE = Lab1_TemplateApp/Info.plist;
				IPHONEOS_DEPLOYMENT_TARGET = 11.0;
				LD_RUNPATH_SEARCH_PATHS = (
					"$(inherited)",
					"@executable_path/Frameworks",
				);
				PRODUCT_BUNDLE_IDENTIFIER = "com.agh.Lab1-TemplateApp";
				PRODUCT_NAME = "$(TARGET_NAME)";
				SWIFT_VERSION = 4.2;
				TARGETED_DEVICE_FAMILY = "1,2";
			};
			name = Release;
		};
/* End XCBuildConfiguration section */

/* Begin XCConfigurationList section */
		A527599621B7CF020025BD8D /* Build configuration list for PBXProject "Lab1_TemplateApp" */ = {
			isa = XCConfigurationList;
			buildConfigurations = (
				A52759AE21B7CF030025BD8D /* Debug */,
				A52759AF21B7CF030025BD8D /* Release */,
			);
			defaultConfigurationIsVisible = 0;
			defaultConfigurationName = Release;
		};
		A52759B021B7CF030025BD8D /* Build configuration list for PBXNativeTarget "Lab1_TemplateApp" */ = {
			isa = XCConfigurationList;
			buildConfigurations = (
				A52759B121B7CF030025BD8D /* Debug */,
				A52759B221B7CF030025BD8D /* Release */,
			);
			defaultConfigurationIsVisible = 0;
			defaultConfigurationName = Release;
		};
/* End XCConfigurationList section */

/* Begin XCVersionGroup section */
		A52759A521B7CF020025BD8D /* Lab1_TemplateApp.xcdatamodeld */ = {
			isa = XCVersionGroup;
			children = (
				A52759A621B7CF020025BD8D /* Lab1_TemplateApp.xcdatamodel */,
			);
			currentVersion = A52759A621B7CF020025BD8D /* Lab1_TemplateApp.xcdatamodel */;
			path = Lab1_TemplateApp.xcdatamodeld;
			sourceTree = "<group>";
			versionGroupType = wrapper.xcdatamodel;
		};
/* End XCVersionGroup section */
	};
	rootObject = A527599321B7CF020025BD8D /* Project object */;
}
